// !$*UTF8*$!
{
	archiveVersion = 1;
	classes = {
	};
	objectVersion = 46;
	objects = {

/* Begin PBXBuildFile section */
		DE0541901EE8CE3E008EC006 /* main.m in Sources */ = {isa = PBXBuildFile; fileRef = DE05418F1EE8CE3E008EC006 /* main.m */; };
		DE0541931EE8CE3E008EC006 /* AppDelegate.m in Sources */ = {isa = PBXBuildFile; fileRef = DE0541921EE8CE3E008EC006 /* AppDelegate.m */; };
		DE0541961EE8CE3E008EC006 /* ViewController.m in Sources */ = {isa = PBXBuildFile; fileRef = DE0541951EE8CE3E008EC006 /* ViewController.m */; };
		DE0541991EE8CE3E008EC006 /* Main.storyboard in Resources */ = {isa = PBXBuildFile; fileRef = DE0541971EE8CE3E008EC006 /* Main.storyboard */; };
		DE05419B1EE8CE3E008EC006 /* Assets.xcassets in Resources */ = {isa = PBXBuildFile; fileRef = DE05419A1EE8CE3E008EC006 /* Assets.xcassets */; };
		DE05419E1EE8CE3E008EC006 /* LaunchScreen.storyboard in Resources */ = {isa = PBXBuildFile; fileRef = DE05419C1EE8CE3E008EC006 /* LaunchScreen.storyboard */; };
		DE0541A91EE8CE3E008EC006 /* DemoTests.m in Sources */ = {isa = PBXBuildFile; fileRef = DE0541A81EE8CE3E008EC006 /* DemoTests.m */; };
		DE0541B41EE8CE3E008EC006 /* DemoUITests.m in Sources */ = {isa = PBXBuildFile; fileRef = DE0541B31EE8CE3E008EC006 /* DemoUITests.m */; };
/* End PBXBuildFile section */

/* Begin PBXContainerItemProxy section */
		DE0541A51EE8CE3E008EC006 /* PBXContainerItemProxy */ = {
			isa = PBXContainerItemProxy;
			containerPortal = DE0541831EE8CE3E008EC006 /* Project object */;
			proxyType = 1;
			remoteGlobalIDString = DE05418A1EE8CE3E008EC006;
			remoteInfo = Demo;
		};
		DE0541B01EE8CE3E008EC006 /* PBXContainerItemProxy */ = {
			isa = PBXContainerItemProxy;
			containerPortal = DE0541831EE8CE3E008EC006 /* Project object */;
			proxyType = 1;
			remoteGlobalIDString = DE05418A1EE8CE3E008EC006;
			remoteInfo = Demo;
		};
/* End PBXContainerItemProxy section */

/* Begin PBXFileReference section */
		DE05418B1EE8CE3E008EC006 /* Demo.app */ = {isa = PBXFileReference; explicitFileType = wrapper.application; includeInIndex = 0; path = Demo.app; sourceTree = BUILT_PRODUCTS_DIR; };
		DE05418F1EE8CE3E008EC006 /* main.m */ = {isa = PBXFileReference; lastKnownFileType = sourcecode.c.objc; path = main.m; sourceTree = "<group>"; };
		DE0541911EE8CE3E008EC006 /* AppDelegate.h */ = {isa = PBXFileReference; lastKnownFileType = sourcecode.c.h; path = AppDelegate.h; sourceTree = "<group>"; };
		DE0541921EE8CE3E008EC006 /* AppDelegate.m */ = {isa = PBXFileReference; lastKnownFileType = sourcecode.c.objc; path = AppDelegate.m; sourceTree = "<group>"; };
		DE0541941EE8CE3E008EC006 /* ViewController.h */ = {isa = PBXFileReference; lastKnownFileType = sourcecode.c.h; path = ViewController.h; sourceTree = "<group>"; };
		DE0541951EE8CE3E008EC006 /* ViewController.m */ = {isa = PBXFileReference; lastKnownFileType = sourcecode.c.objc; path = ViewController.m; sourceTree = "<group>"; };
		DE0541981EE8CE3E008EC006 /* Base */ = {isa = PBXFileReference; lastKnownFileType = file.storyboard; name = Base; path = Base.lproj/Main.storyboard; sourceTree = "<group>"; };
		DE05419A1EE8CE3E008EC006 /* Assets.xcassets */ = {isa = PBXFileReference; lastKnownFileType = folder.assetcatalog; path = Assets.xcassets; sourceTree = "<group>"; };
		DE05419D1EE8CE3E008EC006 /* Base */ = {isa = PBXFileReference; lastKnownFileType = file.storyboard; name = Base; path = Base.lproj/LaunchScreen.storyboard; sourceTree = "<group>"; };
		DE05419F1EE8CE3E008EC006 /* Info.plist */ = {isa = PBXFileReference; lastKnownFileType = text.plist.xml; path = Info.plist; sourceTree = "<group>"; };
		DE0541A41EE8CE3E008EC006 /* DemoTests.xctest */ = {isa = PBXFileReference; explicitFileType = wrapper.cfbundle; includeInIndex = 0; path = DemoTests.xctest; sourceTree = BUILT_PRODUCTS_DIR; };
		DE0541A81EE8CE3E008EC006 /* DemoTests.m */ = {isa = PBXFileReference; lastKnownFileType = sourcecode.c.objc; path = DemoTests.m; sourceTree = "<group>"; };
		DE0541AA1EE8CE3E008EC006 /* Info.plist */ = {isa = PBXFileReference; lastKnownFileType = text.plist.xml; path = Info.plist; sourceTree = "<group>"; };
		DE0541AF1EE8CE3E008EC006 /* DemoUITests.xctest */ = {isa = PBXFileReference; explicitFileType = wrapper.cfbundle; includeInIndex = 0; path = DemoUITests.xctest; sourceTree = BUILT_PRODUCTS_DIR; };
		DE0541B31EE8CE3E008EC006 /* DemoUITests.m */ = {isa = PBXFileReference; lastKnownFileType = sourcecode.c.objc; path = DemoUITests.m; sourceTree = "<group>"; };
		DE0541B51EE8CE3E008EC006 /* Info.plist */ = {isa = PBXFileReference; lastKnownFileType = text.plist.xml; path = Info.plist; sourceTree = "<group>"; };
/* End PBXFileReference section */

/* Begin PBXFrameworksBuildPhase section */
		DE0541881EE8CE3E008EC006 /* Frameworks */ = {
			isa = PBXFrameworksBuildPhase;
			buildActionMask = 2147483647;
			files = (
			);
			runOnlyForDeploymentPostprocessing = 0;
		};
		DE0541A11EE8CE3E008EC006 /* Frameworks */ = {
			isa = PBXFrameworksBuildPhase;
			buildActionMask = 2147483647;
			files = (
			);
			runOnlyForDeploymentPostprocessing = 0;
		};
		DE0541AC1EE8CE3E008EC006 /* Frameworks */ = {
			isa = PBXFrameworksBuildPhase;
			buildActionMask = 2147483647;
			files = (
			);
			runOnlyForDeploymentPostprocessing = 0;
		};
/* End PBXFrameworksBuildPhase section */

/* Begin PBXGroup section */
		DE0541821EE8CE3E008EC006 = {
			isa = PBXGroup;
			children = (
				DE05418D1EE8CE3E008EC006 /* Demo */,
				DE0541A71EE8CE3E008EC006 /* DemoTests */,
				DE0541B21EE8CE3E008EC006 /* DemoUITests */,
				DE05418C1EE8CE3E008EC006 /* Products */,
			);
			sourceTree = "<group>";
		};
		DE05418C1EE8CE3E008EC006 /* Products */ = {
			isa = PBXGroup;
			children = (
				DE05418B1EE8CE3E008EC006 /* Demo.app */,
				DE0541A41EE8CE3E008EC006 /* DemoTests.xctest */,
				DE0541AF1EE8CE3E008EC006 /* DemoUITests.xctest */,
			);
			name = Products;
			sourceTree = "<group>";
		};
		DE05418D1EE8CE3E008EC006 /* Demo */ = {
			isa = PBXGroup;
			children = (
				DE0541911EE8CE3E008EC006 /* AppDelegate.h */,
				DE0541921EE8CE3E008EC006 /* AppDelegate.m */,
				DE0541941EE8CE3E008EC006 /* ViewController.h */,
				DE0541951EE8CE3E008EC006 /* ViewController.m */,
				DE0541971EE8CE3E008EC006 /* Main.storyboard */,
				DE05419A1EE8CE3E008EC006 /* Assets.xcassets */,
				DE05419C1EE8CE3E008EC006 /* LaunchScreen.storyboard */,
				DE05419F1EE8CE3E008EC006 /* Info.plist */,
				DE05418E1EE8CE3E008EC006 /* Supporting Files */,
			);
			path = Demo;
			sourceTree = "<group>";
		};
		DE05418E1EE8CE3E008EC006 /* Supporting Files */ = {
			isa = PBXGroup;
			children = (
				DE05418F1EE8CE3E008EC006 /* main.m */,
			);
			name = "Supporting Files";
			sourceTree = "<group>";
		};
		DE0541A71EE8CE3E008EC006 /* DemoTests */ = {
			isa = PBXGroup;
			children = (
				DE0541A81EE8CE3E008EC006 /* DemoTests.m */,
				DE0541AA1EE8CE3E008EC006 /* Info.plist */,
			);
			path = DemoTests;
			sourceTree = "<group>";
		};
		DE0541B21EE8CE3E008EC006 /* DemoUITests */ = {
			isa = PBXGroup;
			children = (
				DE0541B31EE8CE3E008EC006 /* DemoUITests.m */,
				DE0541B51EE8CE3E008EC006 /* Info.plist */,
			);
			path = DemoUITests;
			sourceTree = "<group>";
		};
/* End PBXGroup section */

/* Begin PBXNativeTarget section */
		DE05418A1EE8CE3E008EC006 /* Demo */ = {
			isa = PBXNativeTarget;
			buildConfigurationList = DE0541B81EE8CE3E008EC006 /* Build configuration list for PBXNativeTarget "Demo" */;
			buildPhases = (
				DE0541871EE8CE3E008EC006 /* Sources */,
				DE0541881EE8CE3E008EC006 /* Frameworks */,
				DE0541891EE8CE3E008EC006 /* Resources */,
			);
			buildRules = (
			);
			dependencies = (
			);
			name = Demo;
			productName = Demo;
			productReference = DE05418B1EE8CE3E008EC006 /* Demo.app */;
			productType = "com.apple.product-type.application";
		};
		DE0541A31EE8CE3E008EC006 /* DemoTests */ = {
			isa = PBXNativeTarget;
			buildConfigurationList = DE0541BB1EE8CE3E008EC006 /* Build configuration list for PBXNativeTarget "DemoTests" */;
			buildPhases = (
				DE0541A01EE8CE3E008EC006 /* Sources */,
				DE0541A11EE8CE3E008EC006 /* Frameworks */,
				DE0541A21EE8CE3E008EC006 /* Resources */,
			);
			buildRules = (
			);
			dependencies = (
				DE0541A61EE8CE3E008EC006 /* PBXTargetDependency */,
			);
			name = DemoTests;
			productName = DemoTests;
			productReference = DE0541A41EE8CE3E008EC006 /* DemoTests.xctest */;
			productType = "com.apple.product-type.bundle.unit-test";
		};
		DE0541AE1EE8CE3E008EC006 /* DemoUITests */ = {
			isa = PBXNativeTarget;
			buildConfigurationList = DE0541BE1EE8CE3E008EC006 /* Build configuration list for PBXNativeTarget "DemoUITests" */;
			buildPhases = (
				DE0541AB1EE8CE3E008EC006 /* Sources */,
				DE0541AC1EE8CE3E008EC006 /* Frameworks */,
				DE0541AD1EE8CE3E008EC006 /* Resources */,
			);
			buildRules = (
			);
			dependencies = (
				DE0541B11EE8CE3E008EC006 /* PBXTargetDependency */,
			);
			name = DemoUITests;
			productName = DemoUITests;
			productReference = DE0541AF1EE8CE3E008EC006 /* DemoUITests.xctest */;
			productType = "com.apple.product-type.bundle.ui-testing";
		};
/* End PBXNativeTarget section */

/* Begin PBXProject section */
		DE0541831EE8CE3E008EC006 /* Project object */ = {
			isa = PBXProject;
			attributes = {
				LastUpgradeCheck = 0830;
				ORGANIZATIONNAME = "常玉龙";
				TargetAttributes = {
					DE05418A1EE8CE3E008EC006 = {
						CreatedOnToolsVersion = 8.3.3;
						DevelopmentTeam = GY4G5R2Q52;
						ProvisioningStyle = Automatic;
					};
					DE0541A31EE8CE3E008EC006 = {
						CreatedOnToolsVersion = 8.3.3;
						DevelopmentTeam = GY4G5R2Q52;
						ProvisioningStyle = Automatic;
						TestTargetID = DE05418A1EE8CE3E008EC006;
					};
					DE0541AE1EE8CE3E008EC006 = {
						CreatedOnToolsVersion = 8.3.3;
						DevelopmentTeam = GY4G5R2Q52;
						ProvisioningStyle = Automatic;
						TestTargetID = DE05418A1EE8CE3E008EC006;
					};
				};
			};
			buildConfigurationList = DE0541861EE8CE3E008EC006 /* Build configuration list for PBXProject "Demo" */;
			compatibilityVersion = "Xcode 3.2";
			developmentRegion = English;
			hasScannedForEncodings = 0;
			knownRegions = (
				en,
				Base,
			);
			mainGroup = DE0541821EE8CE3E008EC006;
			productRefGroup = DE05418C1EE8CE3E008EC006 /* Products */;
			projectDirPath = "";
			projectRoot = "";
			targets = (
				DE05418A1EE8CE3E008EC006 /* Demo */,
				DE0541A31EE8CE3E008EC006 /* DemoTests */,
				DE0541AE1EE8CE3E008EC006 /* DemoUITests */,
			);
		};
/* End PBXProject section */

/* Begin PBXResourcesBuildPhase section */
		DE0541891EE8CE3E008EC006 /* Resources */ = {
			isa = PBXResourcesBuildPhase;
			buildActionMask = 2147483647;
			files = (
				DE05419E1EE8CE3E008EC006 /* LaunchScreen.storyboard in Resources */,
				DE05419B1EE8CE3E008EC006 /* Assets.xcassets in Resources */,
				DE0541991EE8CE3E008EC006 /* Main.storyboard in Resources */,
			);
			runOnlyForDeploymentPostprocessing = 0;
		};
		DE0541A21EE8CE3E008EC006 /* Resources */ = {
			isa = PBXResourcesBuildPhase;
			buildActionMask = 2147483647;
			files = (
			);
			runOnlyForDeploymentPostprocessing = 0;
		};
		DE0541AD1EE8CE3E008EC006 /* Resources */ = {
			isa = PBXResourcesBuildPhase;
			buildActionMask = 2147483647;
			files = (
			);
			runOnlyForDeploymentPostprocessing = 0;
		};
/* End PBXResourcesBuildPhase section */

/* Begin PBXSourcesBuildPhase section */
		DE0541871EE8CE3E008EC006 /* Sources */ = {
			isa = PBXSourcesBuildPhase;
			buildActionMask = 2147483647;
			files = (
				DE0541961EE8CE3E008EC006 /* ViewController.m in Sources */,
				DE0541931EE8CE3E008EC006 /* AppDelegate.m in Sources */,
				DE0541901EE8CE3E008EC006 /* main.m in Sources */,
			);
			runOnlyForDeploymentPostprocessing = 0;
		};
		DE0541A01EE8CE3E008EC006 /* Sources */ = {
			isa = PBXSourcesBuildPhase;
			buildActionMask = 2147483647;
			files = (
				DE0541A91EE8CE3E008EC006 /* DemoTests.m in Sources */,
			);
			runOnlyForDeploymentPostprocessing = 0;
		};
		DE0541AB1EE8CE3E008EC006 /* Sources */ = {
			isa = PBXSourcesBuildPhase;
			buildActionMask = 2147483647;
			files = (
				DE0541B41EE8CE3E008EC006 /* DemoUITests.m in Sources */,
			);
			runOnlyForDeploymentPostprocessing = 0;
		};
/* End PBXSourcesBuildPhase section */

/* Begin PBXTargetDependency section */
		DE0541A61EE8CE3E008EC006 /* PBXTargetDependency */ = {
			isa = PBXTargetDependency;
			target = DE05418A1EE8CE3E008EC006 /* Demo */;
			targetProxy = DE0541A51EE8CE3E008EC006 /* PBXContainerItemProxy */;
		};
		DE0541B11EE8CE3E008EC006 /* PBXTargetDependency */ = {
			isa = PBXTargetDependency;
			target = DE05418A1EE8CE3E008EC006 /* Demo */;
			targetProxy = DE0541B01EE8CE3E008EC006 /* PBXContainerItemProxy */;
		};
/* End PBXTargetDependency section */

/* Begin PBXVariantGroup section */
		DE0541971EE8CE3E008EC006 /* Main.storyboard */ = {
			isa = PBXVariantGroup;
			children = (
				DE0541981EE8CE3E008EC006 /* Base */,
			);
			name = Main.storyboard;
			sourceTree = "<group>";
		};
		DE05419C1EE8CE3E008EC006 /* LaunchScreen.storyboard */ = {
			isa = PBXVariantGroup;
			children = (
				DE05419D1EE8CE3E008EC006 /* Base */,
			);
			name = LaunchScreen.storyboard;
			sourceTree = "<group>";
		};
/* End PBXVariantGroup section */

/* Begin XCBuildConfiguration section */
		DE0541B61EE8CE3E008EC006 /* Debug */ = {
			isa = XCBuildConfiguration;
			buildSettings = {
				ALWAYS_SEARCH_USER_PATHS = NO;
				CLANG_ANALYZER_NONNULL = YES;
				CLANG_ANALYZER_NUMBER_OBJECT_CONVERSION = YES_AGGRESSIVE;
				CLANG_CXX_LANGUAGE_STANDARD = "gnu++0x";
				CLANG_CXX_LIBRARY = "libc++";
				CLANG_ENABLE_MODULES = YES;
				CLANG_ENABLE_OBJC_ARC = YES;
				CLANG_WARN_BOOL_CONVERSION = YES;
				CLANG_WARN_CONSTANT_CONVERSION = YES;
				CLANG_WARN_DIRECT_OBJC_ISA_USAGE = YES_ERROR;
				CLANG_WARN_DOCUMENTATION_COMMENTS = YES;
				CLANG_WARN_EMPTY_BODY = YES;
				CLANG_WARN_ENUM_CONVERSION = YES;
				CLANG_WARN_INFINITE_RECURSION = YES;
				CLANG_WARN_INT_CONVERSION = YES;
				CLANG_WARN_OBJC_ROOT_CLASS = YES_ERROR;
				CLANG_WARN_SUSPICIOUS_MOVE = YES;
				CLANG_WARN_UNREACHABLE_CODE = YES;
				CLANG_WARN__DUPLICATE_METHOD_MATCH = YES;
				"CODE_SIGN_IDENTITY[sdk=iphoneos*]" = "iPhone Developer";
				COPY_PHASE_STRIP = NO;
				DEBUG_INFORMATION_FORMAT = dwarf;
				ENABLE_STRICT_OBJC_MSGSEND = YES;
				ENABLE_TESTABILITY = YES;
				GCC_C_LANGUAGE_STANDARD = gnu99;
				GCC_DYNAMIC_NO_PIC = NO;
				GCC_NO_COMMON_BLOCKS = YES;
				GCC_OPTIMIZATION_LEVEL = 0;
				GCC_PREPROCESSOR_DEFINITIONS = (
					"DEBUG=1",
					"$(inherited)",
				);
				GCC_WARN_64_TO_32_BIT_CONVERSION = YES;
				GCC_WARN_ABOUT_RETURN_TYPE = YES_ERROR;
				GCC_WARN_UNDECLARED_SELECTOR = YES;
				GCC_WARN_UNINITIALIZED_AUTOS = YES_AGGRESSIVE;
				GCC_WARN_UNUSED_FUNCTION = YES;
				GCC_WARN_UNUSED_VARIABLE = YES;
				IPHONEOS_DEPLOYMENT_TARGET = 10.3;
				MTL_ENABLE_DEBUG_INFO = YES;
				ONLY_ACTIVE_ARCH = YES;
				SDKROOT = iphoneos;
			};
			name = Debug;
		};
		DE0541B71EE8CE3E008EC006 /* Release */ = {
			isa = XCBuildConfiguration;
			buildSettings = {
				ALWAYS_SEARCH_USER_PATHS = NO;
				CLANG_ANALYZER_NONNULL = YES;
				CLANG_ANALYZER_NUMBER_OBJECT_CONVERSION = YES_AGGRESSIVE;
				CLANG_CXX_LANGUAGE_STANDARD = "gnu++0x";
				CLANG_CXX_LIBRARY = "libc++";
				CLANG_ENABLE_MODULES = YES;
				CLANG_ENABLE_OBJC_ARC = YES;
				CLANG_WARN_BOOL_CONVERSION = YES;
				CLANG_WARN_CONSTANT_CONVERSION = YES;
				CLANG_WARN_DIRECT_OBJC_ISA_USAGE = YES_ERROR;
				CLANG_WARN_DOCUMENTATION_COMMENTS = YES;
				CLANG_WARN_EMPTY_BODY = YES;
				CLANG_WARN_ENUM_CONVERSION = YES;
				CLANG_WARN_INFINITE_RECURSION = YES;
				CLANG_WARN_INT_CONVERSION = YES;
				CLANG_WARN_OBJC_ROOT_CLASS = YES_ERROR;
				CLANG_WARN_SUSPICIOUS_MOVE = YES;
				CLANG_WARN_UNREACHABLE_CODE = YES;
				CLANG_WARN__DUPLICATE_METHOD_MATCH = YES;
				"CODE_SIGN_IDENTITY[sdk=iphoneos*]" = "iPhone Developer";
				COPY_PHASE_STRIP = NO;
				DEBUG_INFORMATION_FORMAT = "dwarf-with-dsym";
				ENABLE_NS_ASSERTIONS = NO;
				ENABLE_STRICT_OBJC_MSGSEND = YES;
				GCC_C_LANGUAGE_STANDARD = gnu99;
				GCC_NO_COMMON_BLOCKS = YES;
				GCC_WARN_64_TO_32_BIT_CONVERSION = YES;
				GCC_WARN_ABOUT_RETURN_TYPE = YES_ERROR;
				GCC_WARN_UNDECLARED_SELECTOR = YES;
				GCC_WARN_UNINITIALIZED_AUTOS = YES_AGGRESSIVE;
				GCC_WARN_UNUSED_FUNCTION = YES;
				GCC_WARN_UNUSED_VARIABLE = YES;
				IPHONEOS_DEPLOYMENT_TARGET = 10.3;
				MTL_ENABLE_DEBUG_INFO = NO;
				SDKROOT = iphoneos;
				VALIDATE_PRODUCT = YES;
			};
			name = Release;
		};
		DE0541B91EE8CE3E008EC006 /* Debug */ = {
			isa = XCBuildConfiguration;
			buildSettings = {
				ASSETCATALOG_COMPILER_APPICON_NAME = AppIcon;
				DEVELOPMENT_TEAM = GY4G5R2Q52;
				INFOPLIST_FILE = Demo/Info.plist;
				LD_RUNPATH_SEARCH_PATHS = "$(inherited) @executable_path/Frameworks";
				PRODUCT_BUNDLE_IDENTIFIER = Langmuir.Demo;
				PRODUCT_NAME = "$(TARGET_NAME)";
			};
			name = Debug;
		};
		DE0541BA1EE8CE3E008EC006 /* Release */ = {
			isa = XCBuildConfiguration;
			buildSettings = {
				ASSETCATALOG_COMPILER_APPICON_NAME = AppIcon;
				DEVELOPMENT_TEAM = GY4G5R2Q52;
				INFOPLIST_FILE = Demo/Info.plist;
				LD_RUNPATH_SEARCH_PATHS = "$(inherited) @executable_path/Frameworks";
				PRODUCT_BUNDLE_IDENTIFIER = Langmuir.Demo;
				PRODUCT_NAME = "$(TARGET_NAME)";
			};
			name = Release;
		};
		DE0541BC1EE8CE3E008EC006 /* Debug */ = {
			isa = XCBuildConfiguration;
			buildSettings = {
				BUNDLE_LOADER = "$(TEST_HOST)";
				DEVELOPMENT_TEAM = GY4G5R2Q52;
				INFOPLIST_FILE = DemoTests/Info.plist;
				LD_RUNPATH_SEARCH_PATHS = "$(inherited) @executable_path/Frameworks @loader_path/Frameworks";
				PRODUCT_BUNDLE_IDENTIFIER = Langmuir.DemoTests;
				PRODUCT_NAME = "$(TARGET_NAME)";
				TEST_HOST = "$(BUILT_PRODUCTS_DIR)/Demo.app/Demo";
			};
			name = Debug;
		};
		DE0541BD1EE8CE3E008EC006 /* Release */ = {
			isa = XCBuildConfiguration;
			buildSettings = {
				BUNDLE_LOADER = "$(TEST_HOST)";
				DEVELOPMENT_TEAM = GY4G5R2Q52;
				INFOPLIST_FILE = DemoTests/Info.plist;
				LD_RUNPATH_SEARCH_PATHS = "$(inherited) @executable_path/Frameworks @loader_path/Frameworks";
				PRODUCT_BUNDLE_IDENTIFIER = Langmuir.DemoTests;
				PRODUCT_NAME = "$(TARGET_NAME)";
				TEST_HOST = "$(BUILT_PRODUCTS_DIR)/Demo.app/Demo";
			};
			name = Release;
		};
		DE0541BF1EE8CE3E008EC006 /* Debug */ = {
			isa = XCBuildConfiguration;
			buildSettings = {
				DEVELOPMENT_TEAM = GY4G5R2Q52;
				INFOPLIST_FILE = DemoUITests/Info.plist;
				LD_RUNPATH_SEARCH_PATHS = "$(inherited) @executable_path/Frameworks @loader_path/Frameworks";
				PRODUCT_BUNDLE_IDENTIFIER = Langmuir.DemoUITests;
				PRODUCT_NAME = "$(TARGET_NAME)";
				TEST_TARGET_NAME = Demo;
			};
			name = Debug;
		};
		DE0541C01EE8CE3E008EC006 /* Release */ = {
			isa = XCBuildConfiguration;
			buildSettings = {
				DEVELOPMENT_TEAM = GY4G5R2Q52;
				INFOPLIST_FILE = DemoUITests/Info.plist;
				LD_RUNPATH_SEARCH_PATHS = "$(inherited) @executable_path/Frameworks @loader_path/Frameworks";
				PRODUCT_BUNDLE_IDENTIFIER = Langmuir.DemoUITests;
				PRODUCT_NAME = "$(TARGET_NAME)";
				TEST_TARGET_NAME = Demo;
			};
			name = Release;
		};
/* End XCBuildConfiguration section */

/* Begin XCConfigurationList section */
		DE0541861EE8CE3E008EC006 /* Build configuration list for PBXProject "Demo" */ = {
			isa = XCConfigurationList;
			buildConfigurations = (
				DE0541B61EE8CE3E008EC006 /* Debug */,
				DE0541B71EE8CE3E008EC006 /* Release */,
			);
			defaultConfigurationIsVisible = 0;
			defaultConfigurationName = Release;
		};
		DE0541B81EE8CE3E008EC006 /* Build configuration list for PBXNativeTarget "Demo" */ = {
			isa = XCConfigurationList;
			buildConfigurations = (
				DE0541B91EE8CE3E008EC006 /* Debug */,
				DE0541BA1EE8CE3E008EC006 /* Release */,
			);
			defaultConfigurationIsVisible = 0;
		};
		DE0541BB1EE8CE3E008EC006 /* Build configuration list for PBXNativeTarget "DemoTests" */ = {
			isa = XCConfigurationList;
			buildConfigurations = (
				DE0541BC1EE8CE3E008EC006 /* Debug */,
				DE0541BD1EE8CE3E008EC006 /* Release */,
			);
			defaultConfigurationIsVisible = 0;
		};
		DE0541BE1EE8CE3E008EC006 /* Build configuration list for PBXNativeTarget "DemoUITests" */ = {
			isa = XCConfigurationList;
			buildConfigurations = (
				DE0541BF1EE8CE3E008EC006 /* Debug */,
				DE0541C01EE8CE3E008EC006 /* Release */,
			);
			defaultConfigurationIsVisible = 0;
		};
/* End XCConfigurationList section */
	};
	rootObject = DE0541831EE8CE3E008EC006 /* Project object */;
}
